
Microsoft Visual Studio Solution File, Format Version 12.00
# Visual Studio 14
VisualStudioVersion = 14.0.25420.1
MinimumVisualStudioVersion = 10.0.40219.1
Project("{FAE04EC0-301F-11D3-BF4B-00C04F79EFBC}") = "Kinect_PPT", "Kinect_PPT.csproj", "{DF607E8A-0ECA-469B-BC18-480F95111B23}"
EndProject
Global
	GlobalSection(SolutionConfigurationPlatforms) = preSolution
		Debug|Any CPU = Debug|Any CPU
		Release|Any CPU = Release|Any CPU
	EndGlobalSection
	GlobalSection(ProjectConfigurationPlatforms) = postSolution
		{DF607E8A-0ECA-469B-BC18-480F95111B23}.Debug|Any CPU.ActiveCfg = Debug|Any CPU
		{DF607E8A-0ECA-469B-BC18-480F95111B23}.Debug|Any CPU.Build.0 = Debug|Any CPU
		{DF607E8A-0ECA-469B-BC18-480F95111B23}.Release|Any CPU.ActiveCfg = Release|Any CPU
		{DF607E8A-0ECA-469B-BC18-480F95111B23}.Release|Any CPU.Build.0 = Release|Any CPU
	EndGlobalSection
	GlobalSection(SolutionProperties) = preSolution
		HideSolutionNode = FALSE
	EndGlobalSection
EndGlobal
